{
  "name": "local-ai-farm-core",
  "version": "0.1.0",
  "lockfileVersion": 3,
  "requires": true,
  "packages": {
    "": {
      "name": "local-ai-farm-core",
      "version": "0.1.0",
      "dependencies": {
        "@vitejs/plugin-react": "file:vendor/plugin-react",
        "react": "file:vendor/react",
        "react-dom": "file:vendor/react-dom",
        "typescript": "file:vendor/typescript",
        "vite": "file:vendor/vite"
      }
    },
    "node_modules/@vitejs/plugin-react": {
      "resolved": "vendor/plugin-react",
      "link": true
    },
    "node_modules/react": {
      "resolved": "vendor/react",
      "link": true
    },
    "node_modules/react-dom": {
      "resolved": "vendor/react-dom",
      "link": true
    },
    "node_modules/typescript": {
      "resolved": "vendor/typescript",
      "link": true
    },
    "node_modules/vite": {
      "resolved": "vendor/vite",
      "link": true
    },
    "vendor/plugin-react": {
      "name": "@vitejs/plugin-react",
      "version": "0.0.0-local"
    },
    "vendor/react": {
      "version": "0.0.0-local"
    },
    "vendor/react-dom": {
      "version": "0.0.0-local"
    },
    "vendor/typescript": {
      "version": "0.0.0-local",
      "bin": {
        "tsc": "bin/tsc"
      }
    },
    "vendor/vite": {
      "version": "0.0.0-local",
      "bin": {
        "vite": "bin/vite.js"
      }
    }
  }
}
